# THIS IS AN AUTOGENERATED FILE. DO NOT EDIT THIS FILE DIRECTLY.
# yarn lockfile v1


ee-first@1.1.1:
  version "1.1.1"
  resolved "https://registry.yarnpkg.com/ee-first/-/ee-first-1.1.1.tgz#590c61156b0ae2f4f0255732a158b266bc56b21d"
  integrity sha1-WQxhFWsK4vTwJVcyoViyZrxWsh0=

express-prom-bundle@^6.4.1:
  version "6.4.1"
  resolved "https://registry.yarnpkg.com/express-prom-bundle/-/express-prom-bundle-6.4.1.tgz#a688050b9e090f6969825c33143106d3e0e5a70e"
  integrity sha512-Sg0svLQe/SS5z1tHDTVfZVjNumobiDlXM0jmemt5Dm9K6BX8z9yCwEr93zbko6fNMR4zKav77iPfxUWi6gAjNA==
  dependencies:
    on-finished "^2.3.0"
    url-value-parser "^2.0.0"

on-finished@^2.3.0:
  version "2.4.1"
  resolved "https://registry.yarnpkg.com/on-finished/-/on-finished-2.4.1.tgz#58c8c44116e54845ad57f14ab10b03533184ac3f"
  integrity sha512-oVlzkg3ENAhCk2zdv7IJwd/QUD4z2RxRwpkcGY8psCVcCYZNq4wYnVWALHM+brtuJjePWiYF/ClmuDr8Ch5+kg==
  dependencies:
    ee-first "1.1.1"

url-value-parser@^2.0.0:
  version "2.1.0"
  resolved "https://registry.yarnpkg.com/url-value-parser/-/url-value-parser-2.1.0.tgz#fe1ae776122b2eea4bbf284896bbdcd7fc75e1fa"
  integrity sha512-gIYPWXujdUdwd/9TGCHTf5Vvgw6lOxjE5Q/k+7WNByYyS0vW5WX0k+xuVlhvPq6gRNhzXVv/ezC+OfeAet5Kcw==
